// !$*UTF8*$!
{
	archiveVersion = 1;
	classes = {
	};
	objectVersion = 46;
	objects = {

/* Begin PBXBuildFile section */
		0B8B6F5C1ADE40B600AB401D /* AppDelegate.swift in Sources */ = {isa = PBXBuildFile; fileRef = 0B8B6F5B1ADE40B600AB401D /* AppDelegate.swift */; };
		0B8B6F5E1ADE40B600AB401D /* ViewController.swift in Sources */ = {isa = PBXBuildFile; fileRef = 0B8B6F5D1ADE40B600AB401D /* ViewController.swift */; };
		0B8B6F611ADE40B600AB401D /* Main.storyboard in Resources */ = {isa = PBXBuildFile; fileRef = 0B8B6F5F1ADE40B600AB401D /* Main.storyboard */; };
		0B8B6F631ADE40B600AB401D /* Images.xcassets in Resources */ = {isa = PBXBuildFile; fileRef = 0B8B6F621ADE40B600AB401D /* Images.xcassets */; };
		0B8B6F661ADE40B600AB401D /* LaunchScreen.xib in Resources */ = {isa = PBXBuildFile; fileRef = 0B8B6F641ADE40B600AB401D /* LaunchScreen.xib */; };
		0B8B6F721ADE40B700AB401D /* broFoodTests.swift in Sources */ = {isa = PBXBuildFile; fileRef = 0B8B6F711ADE40B700AB401D /* broFoodTests.swift */; };
/* End PBXBuildFile section */

/* Begin PBXContainerItemProxy section */
		0B8B6F6C1ADE40B700AB401D /* PBXContainerItemProxy */ = {
			isa = PBXContainerItemProxy;
			containerPortal = 0B8B6F4E1ADE40B600AB401D /* Project object */;
			proxyType = 1;
			remoteGlobalIDString = 0B8B6F551ADE40B600AB401D;
			remoteInfo = broFood;
		};
/* End PBXContainerItemProxy section */

/* Begin PBXFileReference section */
		0B8B6F561ADE40B600AB401D /* broFood.app */ = {isa = PBXFileReference; explicitFileType = wrapper.application; includeInIndex = 0; path = broFood.app; sourceTree = BUILT_PRODUCTS_DIR; };
		0B8B6F5A1ADE40B600AB401D /* Info.plist */ = {isa = PBXFileReference; lastKnownFileType = text.plist.xml; path = Info.plist; sourceTree = "<group>"; };
		0B8B6F5B1ADE40B600AB401D /* AppDelegate.swift */ = {isa = PBXFileReference; lastKnownFileType = sourcecode.swift; path = AppDelegate.swift; sourceTree = "<group>"; };
		0B8B6F5D1ADE40B600AB401D /* ViewController.swift */ = {isa = PBXFileReference; lastKnownFileType = sourcecode.swift; path = ViewController.swift; sourceTree = "<group>"; };
		0B8B6F601ADE40B600AB401D /* Base */ = {isa = PBXFileReference; lastKnownFileType = file.storyboard; name = Base; path = Base.lproj/Main.storyboard; sourceTree = "<group>"; };
		0B8B6F621ADE40B600AB401D /* Images.xcassets */ = {isa = PBXFileReference; lastKnownFileType = folder.assetcatalog; path = Images.xcassets; sourceTree = "<group>"; };
		0B8B6F651ADE40B600AB401D /* Base */ = {isa = PBXFileReference; lastKnownFileType = file.xib; name = Base; path = Base.lproj/LaunchScreen.xib; sourceTree = "<group>"; };
		0B8B6F6B1ADE40B700AB401D /* broFoodTests.xctest */ = {isa = PBXFileReference; explicitFileType = wrapper.cfbundle; includeInIndex = 0; path = broFoodTests.xctest; sourceTree = BUILT_PRODUCTS_DIR; };
		0B8B6F701ADE40B700AB401D /* Info.plist */ = {isa = PBXFileReference; lastKnownFileType = text.plist.xml; path = Info.plist; sourceTree = "<group>"; };
		0B8B6F711ADE40B700AB401D /* broFoodTests.swift */ = {isa = PBXFileReference; lastKnownFileType = sourcecode.swift; path = broFoodTests.swift; sourceTree = "<group>"; };
/* End PBXFileReference section */

/* Begin PBXFrameworksBuildPhase section */
		0B8B6F531ADE40B600AB401D /* Frameworks */ = {
			isa = PBXFrameworksBuildPhase;
			buildActionMask = 2147483647;
			files = (
			);
			runOnlyForDeploymentPostprocessing = 0;
		};
		0B8B6F681ADE40B700AB401D /* Frameworks */ = {
			isa = PBXFrameworksBuildPhase;
			buildActionMask = 2147483647;
			files = (
			);
			runOnlyForDeploymentPostprocessing = 0;
		};
/* End PBXFrameworksBuildPhase section */

/* Begin PBXGroup section */
		0B8B6F4D1ADE40B600AB401D = {
			isa = PBXGroup;
			children = (
				0B8B6F581ADE40B600AB401D /* broFood */,
				0B8B6F6E1ADE40B700AB401D /* broFoodTests */,
				0B8B6F571ADE40B600AB401D /* Products */,
			);
			sourceTree = "<group>";
		};
		0B8B6F571ADE40B600AB401D /* Products */ = {
			isa = PBXGroup;
			children = (
				0B8B6F561ADE40B600AB401D /* broFood.app */,
				0B8B6F6B1ADE40B700AB401D /* broFoodTests.xctest */,
			);
			name = Products;
			sourceTree = "<group>";
		};
		0B8B6F581ADE40B600AB401D /* broFood */ = {
			isa = PBXGroup;
			children = (
				0B8B6F5B1ADE40B600AB401D /* AppDelegate.swift */,
				0B8B6F5D1ADE40B600AB401D /* ViewController.swift */,
				0B8B6F5F1ADE40B600AB401D /* Main.storyboard */,
				0B8B6F621ADE40B600AB401D /* Images.xcassets */,
				0B8B6F641ADE40B600AB401D /* LaunchScreen.xib */,
				0B8B6F591ADE40B600AB401D /* Supporting Files */,
			);
			path = broFood;
			sourceTree = "<group>";
		};
		0B8B6F591ADE40B600AB401D /* Supporting Files */ = {
			isa = PBXGroup;
			children = (
				0B8B6F5A1ADE40B600AB401D /* Info.plist */,
			);
			name = "Supporting Files";
			sourceTree = "<group>";
		};
		0B8B6F6E1ADE40B700AB401D /* broFoodTests */ = {
			isa = PBXGroup;
			children = (
				0B8B6F711ADE40B700AB401D /* broFoodTests.swift */,
				0B8B6F6F1ADE40B700AB401D /* Supporting Files */,
			);
			path = broFoodTests;
			sourceTree = "<group>";
		};
		0B8B6F6F1ADE40B700AB401D /* Supporting Files */ = {
			isa = PBXGroup;
			children = (
				0B8B6F701ADE40B700AB401D /* Info.plist */,
			);
			name = "Supporting Files";
			sourceTree = "<group>";
		};
/* End PBXGroup section */

/* Begin PBXNativeTarget section */
		0B8B6F551ADE40B600AB401D /* broFood */ = {
			isa = PBXNativeTarget;
			buildConfigurationList = 0B8B6F751ADE40B700AB401D /* Build configuration list for PBXNativeTarget "broFood" */;
			buildPhases = (
				0B8B6F521ADE40B600AB401D /* Sources */,
				0B8B6F531ADE40B600AB401D /* Frameworks */,
				0B8B6F541ADE40B600AB401D /* Resources */,
			);
			buildRules = (
			);
			dependencies = (
			);
			name = broFood;
			productName = broFood;
			productReference = 0B8B6F561ADE40B600AB401D /* broFood.app */;
			productType = "com.apple.product-type.application";
		};
		0B8B6F6A1ADE40B700AB401D /* broFoodTests */ = {
			isa = PBXNativeTarget;
			buildConfigurationList = 0B8B6F781ADE40B700AB401D /* Build configuration list for PBXNativeTarget "broFoodTests" */;
			buildPhases = (
				0B8B6F671ADE40B700AB401D /* Sources */,
				0B8B6F681ADE40B700AB401D /* Frameworks */,
				0B8B6F691ADE40B700AB401D /* Resources */,
			);
			buildRules = (
			);
			dependencies = (
				0B8B6F6D1ADE40B700AB401D /* PBXTargetDependency */,
			);
			name = broFoodTests;
			productName = broFoodTests;
			productReference = 0B8B6F6B1ADE40B700AB401D /* broFoodTests.xctest */;
			productType = "com.apple.product-type.bundle.unit-test";
		};
/* End PBXNativeTarget section */

/* Begin PBXProject section */
		0B8B6F4E1ADE40B600AB401D /* Project object */ = {
			isa = PBXProject;
			attributes = {
				LastUpgradeCheck = 0600;
				ORGANIZATIONNAME = "Best Day Ever";
				TargetAttributes = {
					0B8B6F551ADE40B600AB401D = {
						CreatedOnToolsVersion = 6.0.1;
					};
					0B8B6F6A1ADE40B700AB401D = {
						CreatedOnToolsVersion = 6.0.1;
						TestTargetID = 0B8B6F551ADE40B600AB401D;
					};
				};
			};
			buildConfigurationList = 0B8B6F511ADE40B600AB401D /* Build configuration list for PBXProject "broFood" */;
			compatibilityVersion = "Xcode 3.2";
			developmentRegion = English;
			hasScannedForEncodings = 0;
			knownRegions = (
				en,
				Base,
			);
			mainGroup = 0B8B6F4D1ADE40B600AB401D;
			productRefGroup = 0B8B6F571ADE40B600AB401D /* Products */;
			projectDirPath = "";
			projectRoot = "";
			targets = (
				0B8B6F551ADE40B600AB401D /* broFood */,
				0B8B6F6A1ADE40B700AB401D /* broFoodTests */,
			);
		};
/* End PBXProject section */

/* Begin PBXResourcesBuildPhase section */
		0B8B6F541ADE40B600AB401D /* Resources */ = {
			isa = PBXResourcesBuildPhase;
			buildActionMask = 2147483647;
			files = (
				0B8B6F611ADE40B600AB401D /* Main.storyboard in Resources */,
				0B8B6F661ADE40B600AB401D /* LaunchScreen.xib in Resources */,
				0B8B6F631ADE40B600AB401D /* Images.xcassets in Resources */,
			);
			runOnlyForDeploymentPostprocessing = 0;
		};
		0B8B6F691ADE40B700AB401D /* Resources */ = {
			isa = PBXResourcesBuildPhase;
			buildActionMask = 2147483647;
			files = (
			);
			runOnlyForDeploymentPostprocessing = 0;
		};
/* End PBXResourcesBuildPhase section */

/* Begin PBXSourcesBuildPhase section */
		0B8B6F521ADE40B600AB401D /* Sources */ = {
			isa = PBXSourcesBuildPhase;
			buildActionMask = 2147483647;
			files = (
				0B8B6F5E1ADE40B600AB401D /* ViewController.swift in Sources */,
				0B8B6F5C1ADE40B600AB401D /* AppDelegate.swift in Sources */,
			);
			runOnlyForDeploymentPostprocessing = 0;
		};
		0B8B6F671ADE40B700AB401D /* Sources */ = {
			isa = PBXSourcesBuildPhase;
			buildActionMask = 2147483647;
			files = (
				0B8B6F721ADE40B700AB401D /* broFoodTests.swift in Sources */,
			);
			runOnlyForDeploymentPostprocessing = 0;
		};
/* End PBXSourcesBuildPhase section */

/* Begin PBXTargetDependency section */
		0B8B6F6D1ADE40B700AB401D /* PBXTargetDependency */ = {
			isa = PBXTargetDependency;
			target = 0B8B6F551ADE40B600AB401D /* broFood */;
			targetProxy = 0B8B6F6C1ADE40B700AB401D /* PBXContainerItemProxy */;
		};
/* End PBXTargetDependency section */

/* Begin PBXVariantGroup section */
		0B8B6F5F1ADE40B600AB401D /* Main.storyboard */ = {
			isa = PBXVariantGroup;
			children = (
				0B8B6F601ADE40B600AB401D /* Base */,
			);
			name = Main.storyboard;
			sourceTree = "<group>";
		};
		0B8B6F641ADE40B600AB401D /* LaunchScreen.xib */ = {
			isa = PBXVariantGroup;
			children = (
				0B8B6F651ADE40B600AB401D /* Base */,
			);
			name = LaunchScreen.xib;
			sourceTree = "<group>";
		};
/* End PBXVariantGroup section */

/* Begin XCBuildConfiguration section */
		0B8B6F731ADE40B700AB401D /* Debug */ = {
			isa = XCBuildConfiguration;
			buildSettings = {
				ALWAYS_SEARCH_USER_PATHS = NO;
				CLANG_CXX_LANGUAGE_STANDARD = "gnu++0x";
				CLANG_CXX_LIBRARY = "libc++";
				CLANG_ENABLE_MODULES = YES;
				CLANG_ENABLE_OBJC_ARC = YES;
				CLANG_WARN_BOOL_CONVERSION = YES;
				CLANG_WARN_CONSTANT_CONVERSION = YES;
				CLANG_WARN_DIRECT_OBJC_ISA_USAGE = YES_ERROR;
				CLANG_WARN_EMPTY_BODY = YES;
				CLANG_WARN_ENUM_CONVERSION = YES;
				CLANG_WARN_INT_CONVERSION = YES;
				CLANG_WARN_OBJC_ROOT_CLASS = YES_ERROR;
				CLANG_WARN_UNREACHABLE_CODE = YES;
				CLANG_WARN__DUPLICATE_METHOD_MATCH = YES;
				"CODE_SIGN_IDENTITY[sdk=iphoneos*]" = "iPhone Developer";
				COPY_PHASE_STRIP = NO;
				ENABLE_STRICT_OBJC_MSGSEND = YES;
				GCC_C_LANGUAGE_STANDARD = gnu99;
				GCC_DYNAMIC_NO_PIC = NO;
				GCC_OPTIMIZATION_LEVEL = 0;
				GCC_PREPROCESSOR_DEFINITIONS = (
					"DEBUG=1",
					"$(inherited)",
				);
				GCC_SYMBOLS_PRIVATE_EXTERN = NO;
				GCC_WARN_64_TO_32_BIT_CONVERSION = YES;
				GCC_WARN_ABOUT_RETURN_TYPE = YES_ERROR;
				GCC_WARN_UNDECLARED_SELECTOR = YES;
				GCC_WARN_UNINITIALIZED_AUTOS = YES_AGGRESSIVE;
				GCC_WARN_UNUSED_FUNCTION = YES;
				GCC_WARN_UNUSED_VARIABLE = YES;
				IPHONEOS_DEPLOYMENT_TARGET = 8.0;
				MTL_ENABLE_DEBUG_INFO = YES;
				ONLY_ACTIVE_ARCH = YES;
				SDKROOT = iphoneos;
				SWIFT_OPTIMIZATION_LEVEL = "-Onone";
			};
			name = Debug;
		};
		0B8B6F741ADE40B700AB401D /* Release */ = {
			isa = XCBuildConfiguration;
			buildSettings = {
				ALWAYS_SEARCH_USER_PATHS = NO;
				CLANG_CXX_LANGUAGE_STANDARD = "gnu++0x";
				CLANG_CXX_LIBRARY = "libc++";
				CLANG_ENABLE_MODULES = YES;
				CLANG_ENABLE_OBJC_ARC = YES;
				CLANG_WARN_BOOL_CONVERSION = YES;
				CLANG_WARN_CONSTANT_CONVERSION = YES;
				CLANG_WARN_DIRECT_OBJC_ISA_USAGE = YES_ERROR;
				CLANG_WARN_EMPTY_BODY = YES;
				CLANG_WARN_ENUM_CONVERSION = YES;
				CLANG_WARN_INT_CONVERSION = YES;
				CLANG_WARN_OBJC_ROOT_CLASS = YES_ERROR;
				CLANG_WARN_UNREACHABLE_CODE = YES;
				CLANG_WARN__DUPLICATE_METHOD_MATCH = YES;
				"CODE_SIGN_IDENTITY[sdk=iphoneos*]" = "iPhone Developer";
				COPY_PHASE_STRIP = YES;
				ENABLE_NS_ASSERTIONS = NO;
				ENABLE_STRICT_OBJC_MSGSEND = YES;
				GCC_C_LANGUAGE_STANDARD = gnu99;
				GCC_WARN_64_TO_32_BIT_CONVERSION = YES;
				GCC_WARN_ABOUT_RETURN_TYPE = YES_ERROR;
				GCC_WARN_UNDECLARED_SELECTOR = YES;
				GCC_WARN_UNINITIALIZED_AUTOS = YES_AGGRESSIVE;
				GCC_WARN_UNUSED_FUNCTION = YES;
				GCC_WARN_UNUSED_VARIABLE = YES;
				IPHONEOS_DEPLOYMENT_TARGET = 8.0;
				MTL_ENABLE_DEBUG_INFO = NO;
				SDKROOT = iphoneos;
				VALIDATE_PRODUCT = YES;
			};
			name = Release;
		};
		0B8B6F761ADE40B700AB401D /* Debug */ = {
			isa = XCBuildConfiguration;
			buildSettings = {
				ASSETCATALOG_COMPILER_APPICON_NAME = AppIcon;
				INFOPLIST_FILE = broFood/Info.plist;
				LD_RUNPATH_SEARCH_PATHS = "$(inherited) @executable_path/Frameworks";
				PRODUCT_NAME = "$(TARGET_NAME)";
			};
			name = Debug;
		};
		0B8B6F771ADE40B700AB401D /* Release */ = {
			isa = XCBuildConfiguration;
			buildSettings = {
				ASSETCATALOG_COMPILER_APPICON_NAME = AppIcon;
				INFOPLIST_FILE = broFood/Info.plist;
				LD_RUNPATH_SEARCH_PATHS = "$(inherited) @executable_path/Frameworks";
				PRODUCT_NAME = "$(TARGET_NAME)";
			};
			name = Release;
		};
		0B8B6F791ADE40B700AB401D /* Debug */ = {
			isa = XCBuildConfiguration;
			buildSettings = {
				BUNDLE_LOADER = "$(TEST_HOST)";
				FRAMEWORK_SEARCH_PATHS = (
					"$(SDKROOT)/Developer/Library/Frameworks",
					"$(inherited)",
				);
				GCC_PREPROCESSOR_DEFINITIONS = (
					"DEBUG=1",
					"$(inherited)",
				);
				INFOPLIST_FILE = broFoodTests/Info.plist;
				LD_RUNPATH_SEARCH_PATHS = "$(inherited) @executable_path/Frameworks @loader_path/Frameworks";
				PRODUCT_NAME = "$(TARGET_NAME)";
				TEST_HOST = "$(BUILT_PRODUCTS_DIR)/broFood.app/broFood";
			};
			name = Debug;
		};
		0B8B6F7A1ADE40B700AB401D /* Release */ = {
			isa = XCBuildConfiguration;
			buildSettings = {
				BUNDLE_LOADER = "$(TEST_HOST)";
				FRAMEWORK_SEARCH_PATHS = (
					"$(SDKROOT)/Developer/Library/Frameworks",
					"$(inherited)",
				);
				INFOPLIST_FILE = broFoodTests/Info.plist;
				LD_RUNPATH_SEARCH_PATHS = "$(inherited) @executable_path/Frameworks @loader_path/Frameworks";
				PRODUCT_NAME = "$(TARGET_NAME)";
				TEST_HOST = "$(BUILT_PRODUCTS_DIR)/broFood.app/broFood";
			};
			name = Release;
		};
/* End XCBuildConfiguration section */

/* Begin XCConfigurationList section */
		0B8B6F511ADE40B600AB401D /* Build configuration list for PBXProject "broFood" */ = {
			isa = XCConfigurationList;
			buildConfigurations = (
				0B8B6F731ADE40B700AB401D /* Debug */,
				0B8B6F741ADE40B700AB401D /* Release */,
			);
			defaultConfigurationIsVisible = 0;
			defaultConfigurationName = Release;
		};
		0B8B6F751ADE40B700AB401D /* Build configuration list for PBXNativeTarget "broFood" */ = {
			isa = XCConfigurationList;
			buildConfigurations = (
				0B8B6F761ADE40B700AB401D /* Debug */,
				0B8B6F771ADE40B700AB401D /* Release */,
			);
			defaultConfigurationIsVisible = 0;
		};
		0B8B6F781ADE40B700AB401D /* Build configuration list for PBXNativeTarget "broFoodTests" */ = {
			isa = XCConfigurationList;
			buildConfigurations = (
				0B8B6F791ADE40B700AB401D /* Debug */,
				0B8B6F7A1ADE40B700AB401D /* Release */,
			);
			defaultConfigurationIsVisible = 0;
		};
/* End XCConfigurationList section */
	};
	rootObject = 0B8B6F4E1ADE40B600AB401D /* Project object */;
}
